
Microsoft Visual Studio Solution File, Format Version 12.00
# Visual Studio Version 16
VisualStudioVersion = 16.0.810.16
MinimumVisualStudioVersion = 10.0.40219.1
Project("{FAE04EC0-301F-11D3-BF4B-00C04F79EFBC}") = "ChessV2", "ChessV2\ChessV2.csproj", "{D6320532-3030-4C97-8CEC-56CD31108DDD}"
EndProject
Global
	GlobalSection(SolutionConfigurationPlatforms) = preSolution
		Debug|Any CPU = Debug|Any CPU
		Release|Any CPU = Release|Any CPU
	EndGlobalSection
	GlobalSection(ProjectConfigurationPlatforms) = postSolution
		{D6320532-3030-4C97-8CEC-56CD31108DDD}.Debug|Any CPU.ActiveCfg = Debug|Any CPU
		{D6320532-3030-4C97-8CEC-56CD31108DDD}.Debug|Any CPU.Build.0 = Debug|Any CPU
		{D6320532-3030-4C97-8CEC-56CD31108DDD}.Release|Any CPU.ActiveCfg = Release|Any CPU
		{D6320532-3030-4C97-8CEC-56CD31108DDD}.Release|Any CPU.Build.0 = Release|Any CPU
	EndGlobalSection
	GlobalSection(SolutionProperties) = preSolution
		HideSolutionNode = FALSE
	EndGlobalSection
	GlobalSection(ExtensibilityGlobals) = postSolution
		SolutionGuid = {C0BC7D93-5AB2-4597-911A-3B9424681F9E}
	EndGlobalSection
EndGlobal
